
Microsoft Visual Studio Solution File, Format Version 12.00
# Visual Studio Version 16
VisualStudioVersion = 16.0.809.10
MinimumVisualStudioVersion = 10.0.40219.1
Project("{FAE04EC0-301F-11D3-BF4B-00C04F79EFBC}") = "ClassMatesRevisit", "ClassMatesRevisit\ClassMatesRevisit.csproj", "{C53C3FBA-E8A3-419A-A4D7-D1F87B979224}"
EndProject
Project("{2150E333-8FDC-42A3-9474-1A3956D46DE8}") = "Solution Items", "Solution Items", "{B696E982-00B8-4213-99C3-79E25487F4CD}"
	ProjectSection(SolutionItems) = preProject
		Student.txt = Student.txt
	EndProjectSection
EndProject
Global
	GlobalSection(SolutionConfigurationPlatforms) = preSolution
		Debug|Any CPU = Debug|Any CPU
		Release|Any CPU = Release|Any CPU
	EndGlobalSection
	GlobalSection(ProjectConfigurationPlatforms) = postSolution
		{C53C3FBA-E8A3-419A-A4D7-D1F87B979224}.Debug|Any CPU.ActiveCfg = Debug|Any CPU
		{C53C3FBA-E8A3-419A-A4D7-D1F87B979224}.Debug|Any CPU.Build.0 = Debug|Any CPU
		{C53C3FBA-E8A3-419A-A4D7-D1F87B979224}.Release|Any CPU.ActiveCfg = Release|Any CPU
		{C53C3FBA-E8A3-419A-A4D7-D1F87B979224}.Release|Any CPU.Build.0 = Release|Any CPU
	EndGlobalSection
	GlobalSection(SolutionProperties) = preSolution
		HideSolutionNode = FALSE
	EndGlobalSection
	GlobalSection(ExtensibilityGlobals) = postSolution
		SolutionGuid = {C3A10819-1FDA-4A63-B5C2-BFD8BAC7725C}
	EndGlobalSection
EndGlobal
